<?xml version="1.0" encoding="utf-8"?>
<Project ToolsVersion="4.0" xmlns="http://schemas.microsoft.com/developer/msbuild/2003">
  <ItemGroup>
    <Filter Include="Source Files">
      <UniqueIdentifier>{4FC737F1-C7A5-4376-A066-2A32D752A2FF}</UniqueIdentifier>
      <Extensions>cpp;c;cc;cxx;def;odl;idl;hpj;bat;asm;asmx</Extensions>
    </Filter>
    <Filter Include="Header Files">
      <UniqueIdentifier>{93995380-89BD-4b04-88EB-625FBE52EBFB}</UniqueIdentifier>
      <Extensions>h;hh;hpp;hxx;hm;inl;inc;xsd</Extensions>
    </Filter>
    <Filter Include="Resource Files">
      <UniqueIdentifier>{67DA6AB6-F800-4c08-8B7A-83BB121AAD01}</UniqueIdentifier>
      <Extensions>rc;ico;cur;bmp;dlg;rc2;rct;bin;rgs;gif;jpg;jpeg;jpe;resx;tiff;tif;png;wav;mfcribbon-ms</Extensions>
    </Filter>
    <Filter Include="Header Files\Runes">
      <UniqueIdentifier>{85682004-3907-47c5-8b34-4f72d97f9147}</UniqueIdentifier>
    </Filter>
    <Filter Include="Source Files\Runes">
      <UniqueIdentifier>{9259b8a3-0266-469d-af6b-cb0842bfadbe}</UniqueIdentifier>
    </Filter>
    <Filter Include="Source Files\Characters">
      <UniqueIdentifier>{634a0d0f-9ac6-4fc3-a0b8-9040b0c168bc}</UniqueIdentifier>
    </Filter>
    <Filter Include="Header Files\Characters">
      <UniqueIdentifier>{3be8ea10-e2ee-4660-bfa9-55d0a2d28112}</UniqueIdentifier>
    </Filter>
  </ItemGroup>
  <ItemGroup>
    <ClCompile Include="main.cpp">
      <Filter>Source Files</Filter>
    </ClCompile>
    <ClCompile Include="armor.cpp">
      <Filter>Source Files\Runes</Filter>
    </ClCompile>
    <ClCompile Include="player.cpp">
      <Filter>Source Files\Characters</Filter>
    </ClCompile>
    <ClCompile Include="enemy.cpp">
      <Filter>Source Files\Characters</Filter>
    </ClCompile>
  </ItemGroup>
  <ItemGroup>
    <Image Include="player_1.png">
      <Filter>Resource Files</Filter>
    </Image>
    <Image Include="player_2.png">
      <Filter>Resource Files</Filter>
    </Image>
  </ItemGroup>
  <ItemGroup>
    <ClInclude Include="Armor.h">
      <Filter>Header Files\Runes</Filter>
    </ClInclude>
    <ClInclude Include="player.h">
      <Filter>Header Files\Characters</Filter>
    </ClInclude>
    <ClInclude Include="enemy.h">
      <Filter>Header Files\Characters</Filter>
    </ClInclude>
  </ItemGroup>
</Project>