<?xml version="1.0" encoding="utf-8"?>
<Project ToolsVersion="4.0" xmlns="http://schemas.microsoft.com/developer/msbuild/2003">
  <ItemGroup>
    <Filter Include="Source Files">
      <UniqueIdentifier>{4FC737F1-C7A5-4376-A066-2A32D752A2FF}</UniqueIdentifier>
      <Extensions>cpp;c;cc;cxx;def;odl;idl;hpj;bat;asm;asmx</Extensions>
    </Filter>
    <Filter Include="Header Files">
      <UniqueIdentifier>{93995380-89BD-4b04-88EB-625FBE52EBFB}</UniqueIdentifier>
      <Extensions>h;hh;hpp;hxx;hm;inl;inc;xsd</Extensions>
    </Filter>
    <Filter Include="Resource Files">
      <UniqueIdentifier>{67DA6AB6-F800-4c08-8B7A-83BB121AAD01}</UniqueIdentifier>
      <Extensions>rc;ico;cur;bmp;dlg;rc2;rct;bin;rgs;gif;jpg;jpeg;jpe;resx;tiff;tif;png;wav;mfcribbon-ms</Extensions>
    </Filter>
    <Filter Include="Header Files\Runes">
      <UniqueIdentifier>{85682004-3907-47c5-8b34-4f72d97f9147}</UniqueIdentifier>
    </Filter>
    <Filter Include="Source Files\Runes">
      <UniqueIdentifier>{9259b8a3-0266-469d-af6b-cb0842bfadbe}</UniqueIdentifier>
    </Filter>
    <Filter Include="Source Files\Characters">
      <UniqueIdentifier>{634a0d0f-9ac6-4fc3-a0b8-9040b0c168bc}</UniqueIdentifier>
    </Filter>
    <Filter Include="Header Files\Characters">
      <UniqueIdentifier>{3be8ea10-e2ee-4660-bfa9-55d0a2d28112}</UniqueIdentifier>
    </Filter>
    <Filter Include="Header Files\Guns">
      <UniqueIdentifier>{ebb20ccf-ae62-4da7-bc14-e65ee9f031e2}</UniqueIdentifier>
    </Filter>
    <Filter Include="Header Files\Missiles">
      <UniqueIdentifier>{72d21eb9-ac64-43d9-a48e-c3a5ab5e75e8}</UniqueIdentifier>
    </Filter>
    <Filter Include="Source Files\Missiles">
      <UniqueIdentifier>{43f0a7f2-9173-43db-baca-6fc3bb088bba}</UniqueIdentifier>
    </Filter>
    <Filter Include="Header Files\Buffs">
      <UniqueIdentifier>{eb3657c1-0d20-475a-8713-be7960fc93df}</UniqueIdentifier>
    </Filter>
    <Filter Include="Header Files\GameModes">
      <UniqueIdentifier>{da43e1ae-0667-492f-ad85-af3113101a13}</UniqueIdentifier>
    </Filter>
    <Filter Include="Source Files\GameModes">
      <UniqueIdentifier>{16eccbd6-5379-43bb-8935-ab7e6c12b861}</UniqueIdentifier>
    </Filter>
    <Filter Include="Source Files\Buffs">
      <UniqueIdentifier>{d07f987f-24bf-4f5b-8bbf-8913bb8cdf1a}</UniqueIdentifier>
    </Filter>
  </ItemGroup>
  <ItemGroup>
    <ClCompile Include="main.cpp">
      <Filter>Source Files</Filter>
    </ClCompile>
    <ClCompile Include="player.cpp">
      <Filter>Source Files\Characters</Filter>
    </ClCompile>
    <ClCompile Include="enemy.cpp">
      <Filter>Source Files\Characters</Filter>
    </ClCompile>
    <ClCompile Include="rocket_missile.cpp">
      <Filter>Source Files\Missiles</Filter>
    </ClCompile>
    <ClCompile Include="WorldObject\Player1.cpp">
      <Filter>Source Files\Characters</Filter>
    </ClCompile>
    <ClCompile Include="WorldObject\Character.cpp">
      <Filter>Source Files\Characters</Filter>
    </ClCompile>
    <ClCompile Include="WorldObject\Rune.cpp">
      <Filter>Source Files\Runes</Filter>
    </ClCompile>
    <ClCompile Include="WorldObject\Game.cpp">
      <Filter>Source Files\GameModes</Filter>
    </ClCompile>
    <ClCompile Include="WorldObject\ArmorRune.cpp">
      <Filter>Source Files\Runes</Filter>
    </ClCompile>
    <ClCompile Include="WorldObject\WorldObject.cpp">
      <Filter>Source Files</Filter>
    </ClCompile>
    <ClCompile Include="WorldObject\Armor.cpp">
      <Filter>Source Files\Buffs</Filter>
    </ClCompile>
    <ClCompile Include="armor25.cpp">
      <Filter>Source Files\Runes</Filter>
    </ClCompile>
    <ClCompile Include="WorldObject\Buff.cpp">
      <Filter>Source Files\Buffs</Filter>
    </ClCompile>
    <ClCompile Include="WorldObject\Speed.cpp">
      <Filter>Source Files\Buffs</Filter>
    </ClCompile>
    <ClCompile Include="WorldObject\Bullet.cpp">
      <Filter>Source Files\Missiles</Filter>
    </ClCompile>
    <ClCompile Include="WorldObject\Missile.cpp">
      <Filter>Source Files\Missiles</Filter>
    </ClCompile>
  </ItemGroup>
  <ItemGroup>
    <Image Include="player_1.png">
      <Filter>Resource Files</Filter>
    </Image>
    <Image Include="player_2.png">
      <Filter>Resource Files</Filter>
    </Image>
  </ItemGroup>
  <ItemGroup>
    <ClInclude Include="player.h">
      <Filter>Header Files\Characters</Filter>
    </ClInclude>
    <ClInclude Include="enemy.h">
      <Filter>Header Files\Characters</Filter>
    </ClInclude>
    <ClInclude Include="rocket_missiles.h">
      <Filter>Header Files\Missiles</Filter>
    </ClInclude>
    <ClInclude Include="WorldObject\WorldObject.h">
      <Filter>Header Files</Filter>
    </ClInclude>
    <ClInclude Include="WorldObject\Character.h">
      <Filter>Header Files\Characters</Filter>
    </ClInclude>
    <ClInclude Include="WorldObject\Player1.h">
      <Filter>Header Files\Characters</Filter>
    </ClInclude>
    <ClInclude Include="WorldObject\Rune.h">
      <Filter>Header Files\Runes</Filter>
    </ClInclude>
    <ClInclude Include="Armor.h">
      <Filter>Header Files\Buffs</Filter>
    </ClInclude>
    <ClInclude Include="WorldObject\Game.h">
      <Filter>Header Files\GameModes</Filter>
    </ClInclude>
    <ClInclude Include="WorldObject\ArmorRune.h">
      <Filter>Header Files\Runes</Filter>
    </ClInclude>
    <ClInclude Include="WorldObject\Buff.h">
      <Filter>Header Files\Buffs</Filter>
    </ClInclude>
    <ClInclude Include="WorldObject\Armor1.h">
      <Filter>Header Files\Buffs</Filter>
    </ClInclude>
    <ClInclude Include="WorldObject\Missile.h">
      <Filter>Header Files\Missiles</Filter>
    </ClInclude>
    <ClInclude Include="WorldObject\Bullet.h">
      <Filter>Header Files\Missiles</Filter>
    </ClInclude>
    <ClInclude Include="WorldObject\Speed.h">
      <Filter>Header Files\GameModes</Filter>
    </ClInclude>
  </ItemGroup>
</Project>